{
  "pins" : [
    {
      "identity" : "async-http-client",
      "kind" : "remoteSourceControl",
      "location" : "https://github.com/swift-server/async-http-client.git",
      "state" : {
        "revision" : "a22083713ee90808d527d0baa290c2fb13ca3096",
        "version" : "1.21.1"
      }
    },
    {
      "identity" : "async-kit",
      "kind" : "remoteSourceControl",
      "location" : "https://github.com/vapor/async-kit.git",
      "state" : {
        "revision" : "e048c8ee94967e8d8a1c2ec0e1156d6f7fa34d31",
        "version" : "1.20.0"
      }
    },
    {
      "identity" : "console-kit",
      "kind" : "remoteSourceControl",
      "location" : "https://github.com/vapor/console-kit.git",
      "state" : {
        "revision" : "9f7932f22ab6f64aafadc14491e694179b7d0f6f",
        "version" : "4.14.3"
      }
    },
    {
      "identity" : "fluent",
      "kind" : "remoteSourceControl",
      "location" : "https://github.com/vapor/fluent.git",
      "state" : {
        "revision" : "223b27d04ab2b51c25503c9922eecbcdf6c12f89",
        "version" : "4.12.0"
      }
    },
    {
      "identity" : "fluent-kit",
      "kind" : "remoteSourceControl",
      "location" : "https://github.com/vapor/fluent-kit.git",
      "state" : {
        "revision" : "614d3ec27cdef50cfb9fc3cfd382b6a4d9578cff",
        "version" : "1.49.0"
      }
    },
    {
      "identity" : "fluent-sqlite-driver",
      "kind" : "remoteSourceControl",
      "location" : "https://github.com/vapor/fluent-sqlite-driver.git",
      "state" : {
        "revision" : "6e3a5ff7f2cb733771a6bd71dd3a491cce79f24d",
        "version" : "4.8.0"
      }
    },
    {
      "identity" : "graphiql-vapor",
      "kind" : "remoteSourceControl",
      "location" : "https://github.com/alexsteinerde/graphiql-vapor.git",
      "state" : {
        "revision" : "bade5638514dca552650abf56b92d2d2127906a6",
        "version" : "2.4.0"
      }
    },
    {
      "identity" : "graphiti",
      "kind" : "remoteSourceControl",
      "location" : "https://github.com/GraphQLSwift/Graphiti.git",
      "state" : {
        "revision" : "ed06f0608a72176fd572763660e7492bfb53a419",
        "version" : "1.15.1"
      }
    },
    {
      "identity" : "graphql",
      "kind" : "remoteSourceControl",
      "location" : "https://github.com/GraphQLSwift/GraphQL.git",
      "state" : {
        "revision" : "ec809df8cce95d6aea820f70f04067abc08080f2",
        "version" : "2.10.3"
      }
    },
    {
      "identity" : "graphql-kit",
      "kind" : "remoteSourceControl",
      "location" : "https://github.com/alexsteinerde/graphql-kit.git",
      "state" : {
        "revision" : "417470be5845db19d5067bfa739f640b32d031de",
        "version" : "3.0.0"
      }
    },
    {
      "identity" : "multipart-kit",
      "kind" : "remoteSourceControl",
      "location" : "https://github.com/vapor/multipart-kit.git",
      "state" : {
        "revision" : "a31236f24bfd2ea2f520a74575881f6731d7ae68",
        "version" : "4.7.0"
      }
    },
    {
      "identity" : "routing-kit",
      "kind" : "remoteSourceControl",
      "location" : "https://github.com/vapor/routing-kit.git",
      "state" : {
        "revision" : "8c9a227476555c55837e569be71944e02a056b72",
        "version" : "4.9.1"
      }
    },
    {
      "identity" : "sql-kit",
      "kind" : "remoteSourceControl",
      "location" : "https://github.com/vapor/sql-kit.git",
      "state" : {
        "revision" : "e0b35ff07601465dd9f3af19a1c23083acaae3bd",
        "version" : "3.32.0"
      }
    },
    {
      "identity" : "sqlite-kit",
      "kind" : "remoteSourceControl",
      "location" : "https://github.com/vapor/sqlite-kit.git",
      "state" : {
        "revision" : "f35a863ecc2da5d563b836a9a696b148b0f4169f",
        "version" : "4.5.2"
      }
    },
    {
      "identity" : "sqlite-nio",
      "kind" : "remoteSourceControl",
      "location" : "https://github.com/vapor/sqlite-nio.git",
      "state" : {
        "revision" : "40bf9b9fa938290176ec933540e08f39fc887f06",
        "version" : "1.10.4"
      }
    },
    {
      "identity" : "swift-algorithms",
      "kind" : "remoteSourceControl",
      "location" : "https://github.com/apple/swift-algorithms.git",
      "state" : {
        "revision" : "f6919dfc309e7f1b56224378b11e28bab5bccc42",
        "version" : "1.2.0"
      }
    },
    {
      "identity" : "swift-atomics",
      "kind" : "remoteSourceControl",
      "location" : "https://github.com/apple/swift-atomics.git",
      "state" : {
        "revision" : "cd142fd2f64be2100422d658e7411e39489da985",
        "version" : "1.2.0"
      }
    },
    {
      "identity" : "swift-collections",
      "kind" : "remoteSourceControl",
      "location" : "https://github.com/apple/swift-collections.git",
      "state" : {
        "revision" : "94cf62b3ba8d4bed62680a282d4c25f9c63c2efb",
        "version" : "1.1.0"
      }
    },
    {
      "identity" : "swift-crypto",
      "kind" : "remoteSourceControl",
      "location" : "https://github.com/apple/swift-crypto.git",
      "state" : {
        "revision" : "bc1c29221f6dfeb0ebbfbc98eb95cd3d4967868e",
        "version" : "3.4.0"
      }
    },
    {
      "identity" : "swift-http-types",
      "kind" : "remoteSourceControl",
      "location" : "https://github.com/apple/swift-http-types",
      "state" : {
        "revision" : "9bee2fdb79cc740081abd8ebd80738063d632286",
        "version" : "1.1.0"
      }
    },
    {
      "identity" : "swift-log",
      "kind" : "remoteSourceControl",
      "location" : "https://github.com/apple/swift-log.git",
      "state" : {
        "revision" : "e97a6fcb1ab07462881ac165fdbb37f067e205d5",
        "version" : "1.5.4"
      }
    },
    {
      "identity" : "swift-metrics",
      "kind" : "remoteSourceControl",
      "location" : "https://github.com/apple/swift-metrics.git",
      "state" : {
        "revision" : "e0165b53d49b413dd987526b641e05e246782685",
        "version" : "2.5.0"
      }
    },
    {
      "identity" : "swift-nio",
      "kind" : "remoteSourceControl",
      "location" : "https://github.com/apple/swift-nio.git",
      "state" : {
        "revision" : "dca6594f65308c761a9c409e09fbf35f48d50d34",
        "version" : "2.77.0"
      }
    },
    {
      "identity" : "swift-nio-extras",
      "kind" : "remoteSourceControl",
      "location" : "https://github.com/apple/swift-nio-extras.git",
      "state" : {
        "revision" : "2e9746cfc57554f70b650b021b6ae4738abef3e6",
        "version" : "1.24.1"
      }
    },
    {
      "identity" : "swift-nio-http2",
      "kind" : "remoteSourceControl",
      "location" : "https://github.com/apple/swift-nio-http2.git",
      "state" : {
        "revision" : "8d8eb609929aee75336a0a3d2417280786265868",
        "version" : "1.32.0"
      }
    },
    {
      "identity" : "swift-nio-ssl",
      "kind" : "remoteSourceControl",
      "location" : "https://github.com/apple/swift-nio-ssl.git",
      "state" : {
        "revision" : "2b09805797f21c380f7dc9bedaab3157c5508efb",
        "version" : "2.27.0"
      }
    },
    {
      "identity" : "swift-nio-transport-services",
      "kind" : "remoteSourceControl",
      "location" : "https://github.com/apple/swift-nio-transport-services.git",
      "state" : {
        "revision" : "38ac8221dd20674682148d6451367f89c2652980",
        "version" : "1.21.0"
      }
    },
    {
      "identity" : "swift-numerics",
      "kind" : "remoteSourceControl",
      "location" : "https://github.com/apple/swift-numerics",
      "state" : {
        "revision" : "0a5bc04095a675662cf24757cc0640aa2204253b",
        "version" : "1.0.2"
      }
    },
    {
      "identity" : "swift-system",
      "kind" : "remoteSourceControl",
      "location" : "https://github.com/apple/swift-system.git",
      "state" : {
        "revision" : "c8a44d836fe7913603e246acab7c528c2e780168",
        "version" : "1.4.0"
      }
    },
    {
      "identity" : "vapor",
      "kind" : "remoteSourceControl",
      "location" : "https://github.com/vapor/vapor.git",
      "state" : {
        "revision" : "3aeeb6fab5112fb10ce699b5a80207e5cf571c32",
        "version" : "4.106.7"
      }
    },
    {
      "identity" : "websocket-kit",
      "kind" : "remoteSourceControl",
      "location" : "https://github.com/vapor/websocket-kit.git",
      "state" : {
        "revision" : "4232d34efa49f633ba61afde365d3896fc7f8740",
        "version" : "2.15.0"
      }
    }
  ],
  "version" : 2
}
